// !$*UTF8*$!
{
	archiveVersion = 1;
	classes = {
	};
	objectVersion = 50;
	objects = {

/* Begin PBXBuildFile section */
		01AEF15921D8509E00EB5177 /* AppDelegate.swift in Sources */ = {isa = PBXBuildFile; fileRef = 01AEF15821D8509E00EB5177 /* AppDelegate.swift */; };
		01AEF15B21D8509E00EB5177 /* ViewController.swift in Sources */ = {isa = PBXBuildFile; fileRef = 01AEF15A21D8509E00EB5177 /* ViewController.swift */; };
		01AEF15E21D8509E00EB5177 /* Main.storyboard in Resources */ = {isa = PBXBuildFile; fileRef = 01AEF15C21D8509E00EB5177 /* Main.storyboard */; };
		01AEF16021D850A100EB5177 /* Assets.xcassets in Resources */ = {isa = PBXBuildFile; fileRef = 01AEF15F21D850A100EB5177 /* Assets.xcassets */; };
		01AEF16321D850A100EB5177 /* LaunchScreen.storyboard in Resources */ = {isa = PBXBuildFile; fileRef = 01AEF16121D850A100EB5177 /* LaunchScreen.storyboard */; };
		01AEF16E21D850A100EB5177 /* tiptapTests.swift in Sources */ = {isa = PBXBuildFile; fileRef = 01AEF16D21D850A100EB5177 /* tiptapTests.swift */; };
		01AEF17921D850A100EB5177 /* tiptapUITests.swift in Sources */ = {isa = PBXBuildFile; fileRef = 01AEF17821D850A100EB5177 /* tiptapUITests.swift */; };
		01AEF18921D8663900EB5177 /* SettingsViewController.swift in Sources */ = {isa = PBXBuildFile; fileRef = 01AEF18821D8663900EB5177 /* SettingsViewController.swift */; };
/* End PBXBuildFile section */

/* Begin PBXContainerItemProxy section */
		01AEF16A21D850A100EB5177 /* PBXContainerItemProxy */ = {
			isa = PBXContainerItemProxy;
			containerPortal = 01AEF14D21D8509D00EB5177 /* Project object */;
			proxyType = 1;
			remoteGlobalIDString = 01AEF15421D8509E00EB5177;
			remoteInfo = tiptap;
		};
		01AEF17521D850A100EB5177 /* PBXContainerItemProxy */ = {
			isa = PBXContainerItemProxy;
			containerPortal = 01AEF14D21D8509D00EB5177 /* Project object */;
			proxyType = 1;
			remoteGlobalIDString = 01AEF15421D8509E00EB5177;
			remoteInfo = tiptap;
		};
/* End PBXContainerItemProxy section */

/* Begin PBXFileReference section */
		01AEF15521D8509E00EB5177 /* tiptap.app */ = {isa = PBXFileReference; explicitFileType = wrapper.application; includeInIndex = 0; path = tiptap.app; sourceTree = BUILT_PRODUCTS_DIR; };
		01AEF15821D8509E00EB5177 /* AppDelegate.swift */ = {isa = PBXFileReference; lastKnownFileType = sourcecode.swift; path = AppDelegate.swift; sourceTree = "<group>"; };
		01AEF15A21D8509E00EB5177 /* ViewController.swift */ = {isa = PBXFileReference; lastKnownFileType = sourcecode.swift; path = ViewController.swift; sourceTree = "<group>"; };
		01AEF15D21D8509E00EB5177 /* Base */ = {isa = PBXFileReference; lastKnownFileType = file.storyboard; name = Base; path = Base.lproj/Main.storyboard; sourceTree = "<group>"; };
		01AEF15F21D850A100EB5177 /* Assets.xcassets */ = {isa = PBXFileReference; lastKnownFileType = folder.assetcatalog; path = Assets.xcassets; sourceTree = "<group>"; };
		01AEF16221D850A100EB5177 /* Base */ = {isa = PBXFileReference; lastKnownFileType = file.storyboard; name = Base; path = Base.lproj/LaunchScreen.storyboard; sourceTree = "<group>"; };
		01AEF16421D850A100EB5177 /* Info.plist */ = {isa = PBXFileReference; lastKnownFileType = text.plist.xml; path = Info.plist; sourceTree = "<group>"; };
		01AEF16921D850A100EB5177 /* tiptapTests.xctest */ = {isa = PBXFileReference; explicitFileType = wrapper.cfbundle; includeInIndex = 0; path = tiptapTests.xctest; sourceTree = BUILT_PRODUCTS_DIR; };
		01AEF16D21D850A100EB5177 /* tiptapTests.swift */ = {isa = PBXFileReference; lastKnownFileType = sourcecode.swift; path = tiptapTests.swift; sourceTree = "<group>"; };
		01AEF16F21D850A100EB5177 /* Info.plist */ = {isa = PBXFileReference; lastKnownFileType = text.plist.xml; path = Info.plist; sourceTree = "<group>"; };
		01AEF17421D850A100EB5177 /* tiptapUITests.xctest */ = {isa = PBXFileReference; explicitFileType = wrapper.cfbundle; includeInIndex = 0; path = tiptapUITests.xctest; sourceTree = BUILT_PRODUCTS_DIR; };
		01AEF17821D850A100EB5177 /* tiptapUITests.swift */ = {isa = PBXFileReference; lastKnownFileType = sourcecode.swift; path = tiptapUITests.swift; sourceTree = "<group>"; };
		01AEF17A21D850A100EB5177 /* Info.plist */ = {isa = PBXFileReference; lastKnownFileType = text.plist.xml; path = Info.plist; sourceTree = "<group>"; };
		01AEF18821D8663900EB5177 /* SettingsViewController.swift */ = {isa = PBXFileReference; lastKnownFileType = sourcecode.swift; path = SettingsViewController.swift; sourceTree = "<group>"; };
/* End PBXFileReference section */

/* Begin PBXFrameworksBuildPhase section */
		01AEF15221D8509E00EB5177 /* Frameworks */ = {
			isa = PBXFrameworksBuildPhase;
			buildActionMask = 2147483647;
			files = (
			);
			runOnlyForDeploymentPostprocessing = 0;
		};
		01AEF16621D850A100EB5177 /* Frameworks */ = {
			isa = PBXFrameworksBuildPhase;
			buildActionMask = 2147483647;
			files = (
			);
			runOnlyForDeploymentPostprocessing = 0;
		};
		01AEF17121D850A100EB5177 /* Frameworks */ = {
			isa = PBXFrameworksBuildPhase;
			buildActionMask = 2147483647;
			files = (
			);
			runOnlyForDeploymentPostprocessing = 0;
		};
/* End PBXFrameworksBuildPhase section */

/* Begin PBXGroup section */
		01AEF14C21D8509D00EB5177 = {
			isa = PBXGroup;
			children = (
				01AEF15721D8509E00EB5177 /* tiptap */,
				01AEF16C21D850A100EB5177 /* tiptapTests */,
				01AEF17721D850A100EB5177 /* tiptapUITests */,
				01AEF15621D8509E00EB5177 /* Products */,
			);
			sourceTree = "<group>";
		};
		01AEF15621D8509E00EB5177 /* Products */ = {
			isa = PBXGroup;
			children = (
				01AEF15521D8509E00EB5177 /* tiptap.app */,
				01AEF16921D850A100EB5177 /* tiptapTests.xctest */,
				01AEF17421D850A100EB5177 /* tiptapUITests.xctest */,
			);
			name = Products;
			sourceTree = "<group>";
		};
		01AEF15721D8509E00EB5177 /* tiptap */ = {
			isa = PBXGroup;
			children = (
				01AEF15821D8509E00EB5177 /* AppDelegate.swift */,
				01AEF15A21D8509E00EB5177 /* ViewController.swift */,
				01AEF15C21D8509E00EB5177 /* Main.storyboard */,
				01AEF18821D8663900EB5177 /* SettingsViewController.swift */,
				01AEF15F21D850A100EB5177 /* Assets.xcassets */,
				01AEF16121D850A100EB5177 /* LaunchScreen.storyboard */,
				01AEF16421D850A100EB5177 /* Info.plist */,
			);
			path = tiptap;
			sourceTree = "<group>";
		};
		01AEF16C21D850A100EB5177 /* tiptapTests */ = {
			isa = PBXGroup;
			children = (
				01AEF16D21D850A100EB5177 /* tiptapTests.swift */,
				01AEF16F21D850A100EB5177 /* Info.plist */,
			);
			path = tiptapTests;
			sourceTree = "<group>";
		};
		01AEF17721D850A100EB5177 /* tiptapUITests */ = {
			isa = PBXGroup;
			children = (
				01AEF17821D850A100EB5177 /* tiptapUITests.swift */,
				01AEF17A21D850A100EB5177 /* Info.plist */,
			);
			path = tiptapUITests;
			sourceTree = "<group>";
		};
/* End PBXGroup section */

/* Begin PBXNativeTarget section */
		01AEF15421D8509E00EB5177 /* tiptap */ = {
			isa = PBXNativeTarget;
			buildConfigurationList = 01AEF17D21D850A100EB5177 /* Build configuration list for PBXNativeTarget "tiptap" */;
			buildPhases = (
				01AEF15121D8509E00EB5177 /* Sources */,
				01AEF15221D8509E00EB5177 /* Frameworks */,
				01AEF15321D8509E00EB5177 /* Resources */,
			);
			buildRules = (
			);
			dependencies = (
			);
			name = tiptap;
			productName = tiptap;
			productReference = 01AEF15521D8509E00EB5177 /* tiptap.app */;
			productType = "com.apple.product-type.application";
		};
		01AEF16821D850A100EB5177 /* tiptapTests */ = {
			isa = PBXNativeTarget;
			buildConfigurationList = 01AEF18021D850A100EB5177 /* Build configuration list for PBXNativeTarget "tiptapTests" */;
			buildPhases = (
				01AEF16521D850A100EB5177 /* Sources */,
				01AEF16621D850A100EB5177 /* Frameworks */,
				01AEF16721D850A100EB5177 /* Resources */,
			);
			buildRules = (
			);
			dependencies = (
				01AEF16B21D850A100EB5177 /* PBXTargetDependency */,
			);
			name = tiptapTests;
			productName = tiptapTests;
			productReference = 01AEF16921D850A100EB5177 /* tiptapTests.xctest */;
			productType = "com.apple.product-type.bundle.unit-test";
		};
		01AEF17321D850A100EB5177 /* tiptapUITests */ = {
			isa = PBXNativeTarget;
			buildConfigurationList = 01AEF18321D850A100EB5177 /* Build configuration list for PBXNativeTarget "tiptapUITests" */;
			buildPhases = (
				01AEF17021D850A100EB5177 /* Sources */,
				01AEF17121D850A100EB5177 /* Frameworks */,
				01AEF17221D850A100EB5177 /* Resources */,
			);
			buildRules = (
			);
			dependencies = (
				01AEF17621D850A100EB5177 /* PBXTargetDependency */,
			);
			name = tiptapUITests;
			productName = tiptapUITests;
			productReference = 01AEF17421D850A100EB5177 /* tiptapUITests.xctest */;
			productType = "com.apple.product-type.bundle.ui-testing";
		};
/* End PBXNativeTarget section */

/* Begin PBXProject section */
		01AEF14D21D8509D00EB5177 /* Project object */ = {
			isa = PBXProject;
			attributes = {
				LastSwiftUpdateCheck = 1010;
				LastUpgradeCheck = 1010;
				ORGANIZATIONNAME = "徐婷";
				TargetAttributes = {
					01AEF15421D8509E00EB5177 = {
						CreatedOnToolsVersion = 10.1;
					};
					01AEF16821D850A100EB5177 = {
						CreatedOnToolsVersion = 10.1;
						TestTargetID = 01AEF15421D8509E00EB5177;
					};
					01AEF17321D850A100EB5177 = {
						CreatedOnToolsVersion = 10.1;
						TestTargetID = 01AEF15421D8509E00EB5177;
					};
				};
			};
			buildConfigurationList = 01AEF15021D8509D00EB5177 /* Build configuration list for PBXProject "tiptap" */;
			compatibilityVersion = "Xcode 9.3";
			developmentRegion = en;
			hasScannedForEncodings = 0;
			knownRegions = (
				en,
				Base,
			);
			mainGroup = 01AEF14C21D8509D00EB5177;
			productRefGroup = 01AEF15621D8509E00EB5177 /* Products */;
			projectDirPath = "";
			projectRoot = "";
			targets = (
				01AEF15421D8509E00EB5177 /* tiptap */,
				01AEF16821D850A100EB5177 /* tiptapTests */,
				01AEF17321D850A100EB5177 /* tiptapUITests */,
			);
		};
/* End PBXProject section */

/* Begin PBXResourcesBuildPhase section */
		01AEF15321D8509E00EB5177 /* Resources */ = {
			isa = PBXResourcesBuildPhase;
			buildActionMask = 2147483647;
			files = (
				01AEF16321D850A100EB5177 /* LaunchScreen.storyboard in Resources */,
				01AEF16021D850A100EB5177 /* Assets.xcassets in Resources */,
				01AEF15E21D8509E00EB5177 /* Main.storyboard in Resources */,
			);
			runOnlyForDeploymentPostprocessing = 0;
		};
		01AEF16721D850A100EB5177 /* Resources */ = {
			isa = PBXResourcesBuildPhase;
			buildActionMask = 2147483647;
			files = (
			);
			runOnlyForDeploymentPostprocessing = 0;
		};
		01AEF17221D850A100EB5177 /* Resources */ = {
			isa = PBXResourcesBuildPhase;
			buildActionMask = 2147483647;
			files = (
			);
			runOnlyForDeploymentPostprocessing = 0;
		};
/* End PBXResourcesBuildPhase section */

/* Begin PBXSourcesBuildPhase section */
		01AEF15121D8509E00EB5177 /* Sources */ = {
			isa = PBXSourcesBuildPhase;
			buildActionMask = 2147483647;
			files = (
				01AEF15B21D8509E00EB5177 /* ViewController.swift in Sources */,
				01AEF15921D8509E00EB5177 /* AppDelegate.swift in Sources */,
				01AEF18921D8663900EB5177 /* SettingsViewController.swift in Sources */,
			);
			runOnlyForDeploymentPostprocessing = 0;
		};
		01AEF16521D850A100EB5177 /* Sources */ = {
			isa = PBXSourcesBuildPhase;
			buildActionMask = 2147483647;
			files = (
				01AEF16E21D850A100EB5177 /* tiptapTests.swift in Sources */,
			);
			runOnlyForDeploymentPostprocessing = 0;
		};
		01AEF17021D850A100EB5177 /* Sources */ = {
			isa = PBXSourcesBuildPhase;
			buildActionMask = 2147483647;
			files = (
				01AEF17921D850A100EB5177 /* tiptapUITests.swift in Sources */,
			);
			runOnlyForDeploymentPostprocessing = 0;
		};
/* End PBXSourcesBuildPhase section */

/* Begin PBXTargetDependency section */
		01AEF16B21D850A100EB5177 /* PBXTargetDependency */ = {
			isa = PBXTargetDependency;
			target = 01AEF15421D8509E00EB5177 /* tiptap */;
			targetProxy = 01AEF16A21D850A100EB5177 /* PBXContainerItemProxy */;
		};
		01AEF17621D850A100EB5177 /* PBXTargetDependency */ = {
			isa = PBXTargetDependency;
			target = 01AEF15421D8509E00EB5177 /* tiptap */;
			targetProxy = 01AEF17521D850A100EB5177 /* PBXContainerItemProxy */;
		};
/* End PBXTargetDependency section */

/* Begin PBXVariantGroup section */
		01AEF15C21D8509E00EB5177 /* Main.storyboard */ = {
			isa = PBXVariantGroup;
			children = (
				01AEF15D21D8509E00EB5177 /* Base */,
			);
			name = Main.storyboard;
			sourceTree = "<group>";
		};
		01AEF16121D850A100EB5177 /* LaunchScreen.storyboard */ = {
			isa = PBXVariantGroup;
			children = (
				01AEF16221D850A100EB5177 /* Base */,
			);
			name = LaunchScreen.storyboard;
			sourceTree = "<group>";
		};
/* End PBXVariantGroup section */

/* Begin XCBuildConfiguration section */
		01AEF17B21D850A100EB5177 /* Debug */ = {
			isa = XCBuildConfiguration;
			buildSettings = {
				ALWAYS_SEARCH_USER_PATHS = NO;
				CLANG_ANALYZER_NONNULL = YES;
				CLANG_ANALYZER_NUMBER_OBJECT_CONVERSION = YES_AGGRESSIVE;
				CLANG_CXX_LANGUAGE_STANDARD = "gnu++14";
				CLANG_CXX_LIBRARY = "libc++";
				CLANG_ENABLE_MODULES = YES;
				CLANG_ENABLE_OBJC_ARC = YES;
				CLANG_ENABLE_OBJC_WEAK = YES;
				CLANG_WARN_BLOCK_CAPTURE_AUTORELEASING = YES;
				CLANG_WARN_BOOL_CONVERSION = YES;
				CLANG_WARN_COMMA = YES;
				CLANG_WARN_CONSTANT_CONVERSION = YES;
				CLANG_WARN_DEPRECATED_OBJC_IMPLEMENTATIONS = YES;
				CLANG_WARN_DIRECT_OBJC_ISA_USAGE = YES_ERROR;
				CLANG_WARN_DOCUMENTATION_COMMENTS = YES;
				CLANG_WARN_EMPTY_BODY = YES;
				CLANG_WARN_ENUM_CONVERSION = YES;
				CLANG_WARN_INFINITE_RECURSION = YES;
				CLANG_WARN_INT_CONVERSION = YES;
				CLANG_WARN_NON_LITERAL_NULL_CONVERSION = YES;
				CLANG_WARN_OBJC_IMPLICIT_RETAIN_SELF = YES;
				CLANG_WARN_OBJC_LITERAL_CONVERSION = YES;
				CLANG_WARN_OBJC_ROOT_CLASS = YES_ERROR;
				CLANG_WARN_RANGE_LOOP_ANALYSIS = YES;
				CLANG_WARN_STRICT_PROTOTYPES = YES;
				CLANG_WARN_SUSPICIOUS_MOVE = YES;
				CLANG_WARN_UNGUARDED_AVAILABILITY = YES_AGGRESSIVE;
				CLANG_WARN_UNREACHABLE_CODE = YES;
				CLANG_WARN__DUPLICATE_METHOD_MATCH = YES;
				CODE_SIGN_IDENTITY = "iPhone Developer";
				COPY_PHASE_STRIP = NO;
				DEBUG_INFORMATION_FORMAT = dwarf;
				ENABLE_STRICT_OBJC_MSGSEND = YES;
				ENABLE_TESTABILITY = YES;
				GCC_C_LANGUAGE_STANDARD = gnu11;
				GCC_DYNAMIC_NO_PIC = NO;
				GCC_NO_COMMON_BLOCKS = YES;
				GCC_OPTIMIZATION_LEVEL = 0;
				GCC_PREPROCESSOR_DEFINITIONS = (
					"DEBUG=1",
					"$(inherited)",
				);
				GCC_WARN_64_TO_32_BIT_CONVERSION = YES;
				GCC_WARN_ABOUT_RETURN_TYPE = YES_ERROR;
				GCC_WARN_UNDECLARED_SELECTOR = YES;
				GCC_WARN_UNINITIALIZED_AUTOS = YES_AGGRESSIVE;
				GCC_WARN_UNUSED_FUNCTION = YES;
				GCC_WARN_UNUSED_VARIABLE = YES;
				IPHONEOS_DEPLOYMENT_TARGET = 12.1;
				MTL_ENABLE_DEBUG_INFO = INCLUDE_SOURCE;
				MTL_FAST_MATH = YES;
				ONLY_ACTIVE_ARCH = YES;
				SDKROOT = iphoneos;
				SWIFT_ACTIVE_COMPILATION_CONDITIONS = DEBUG;
				SWIFT_OPTIMIZATION_LEVEL = "-Onone";
			};
			name = Debug;
		};
		01AEF17C21D850A100EB5177 /* Release */ = {
			isa = XCBuildConfiguration;
			buildSettings = {
				ALWAYS_SEARCH_USER_PATHS = NO;
				CLANG_ANALYZER_NONNULL = YES;
				CLANG_ANALYZER_NUMBER_OBJECT_CONVERSION = YES_AGGRESSIVE;
				CLANG_CXX_LANGUAGE_STANDARD = "gnu++14";
				CLANG_CXX_LIBRARY = "libc++";
				CLANG_ENABLE_MODULES = YES;
				CLANG_ENABLE_OBJC_ARC = YES;
				CLANG_ENABLE_OBJC_WEAK = YES;
				CLANG_WARN_BLOCK_CAPTURE_AUTORELEASING = YES;
				CLANG_WARN_BOOL_CONVERSION = YES;
				CLANG_WARN_COMMA = YES;
				CLANG_WARN_CONSTANT_CONVERSION = YES;
				CLANG_WARN_DEPRECATED_OBJC_IMPLEMENTATIONS = YES;
				CLANG_WARN_DIRECT_OBJC_ISA_USAGE = YES_ERROR;
				CLANG_WARN_DOCUMENTATION_COMMENTS = YES;
				CLANG_WARN_EMPTY_BODY = YES;
				CLANG_WARN_ENUM_CONVERSION = YES;
				CLANG_WARN_INFINITE_RECURSION = YES;
				CLANG_WARN_INT_CONVERSION = YES;
				CLANG_WARN_NON_LITERAL_NULL_CONVERSION = YES;
				CLANG_WARN_OBJC_IMPLICIT_RETAIN_SELF = YES;
				CLANG_WARN_OBJC_LITERAL_CONVERSION = YES;
				CLANG_WARN_OBJC_ROOT_CLASS = YES_ERROR;
				CLANG_WARN_RANGE_LOOP_ANALYSIS = YES;
				CLANG_WARN_STRICT_PROTOTYPES = YES;
				CLANG_WARN_SUSPICIOUS_MOVE = YES;
				CLANG_WARN_UNGUARDED_AVAILABILITY = YES_AGGRESSIVE;
				CLANG_WARN_UNREACHABLE_CODE = YES;
				CLANG_WARN__DUPLICATE_METHOD_MATCH = YES;
				CODE_SIGN_IDENTITY = "iPhone Developer";
				COPY_PHASE_STRIP = NO;
				DEBUG_INFORMATION_FORMAT = "dwarf-with-dsym";
				ENABLE_NS_ASSERTIONS = NO;
				ENABLE_STRICT_OBJC_MSGSEND = YES;
				GCC_C_LANGUAGE_STANDARD = gnu11;
				GCC_NO_COMMON_BLOCKS = YES;
				GCC_WARN_64_TO_32_BIT_CONVERSION = YES;
				GCC_WARN_ABOUT_RETURN_TYPE = YES_ERROR;
				GCC_WARN_UNDECLARED_SELECTOR = YES;
				GCC_WARN_UNINITIALIZED_AUTOS = YES_AGGRESSIVE;
				GCC_WARN_UNUSED_FUNCTION = YES;
				GCC_WARN_UNUSED_VARIABLE = YES;
				IPHONEOS_DEPLOYMENT_TARGET = 12.1;
				MTL_ENABLE_DEBUG_INFO = NO;
				MTL_FAST_MATH = YES;
				SDKROOT = iphoneos;
				SWIFT_COMPILATION_MODE = wholemodule;
				SWIFT_OPTIMIZATION_LEVEL = "-O";
				VALIDATE_PRODUCT = YES;
			};
			name = Release;
		};
		01AEF17E21D850A100EB5177 /* Debug */ = {
			isa = XCBuildConfiguration;
			buildSettings = {
				ASSETCATALOG_COMPILER_APPICON_NAME = AppIcon;
				CODE_SIGN_STYLE = Automatic;
				INFOPLIST_FILE = tiptap/Info.plist;
				LD_RUNPATH_SEARCH_PATHS = (
					"$(inherited)",
					"@executable_path/Frameworks",
				);
				PRODUCT_BUNDLE_IDENTIFIER = com.tiptap;
				PRODUCT_NAME = "$(TARGET_NAME)";
				SWIFT_VERSION = 4.2;
				TARGETED_DEVICE_FAMILY = "1,2";
			};
			name = Debug;
		};
		01AEF17F21D850A100EB5177 /* Release */ = {
			isa = XCBuildConfiguration;
			buildSettings = {
				ASSETCATALOG_COMPILER_APPICON_NAME = AppIcon;
				CODE_SIGN_STYLE = Automatic;
				INFOPLIST_FILE = tiptap/Info.plist;
				LD_RUNPATH_SEARCH_PATHS = (
					"$(inherited)",
					"@executable_path/Frameworks",
				);
				PRODUCT_BUNDLE_IDENTIFIER = com.tiptap;
				PRODUCT_NAME = "$(TARGET_NAME)";
				SWIFT_VERSION = 4.2;
				TARGETED_DEVICE_FAMILY = "1,2";
			};
			name = Release;
		};
		01AEF18121D850A100EB5177 /* Debug */ = {
			isa = XCBuildConfiguration;
			buildSettings = {
				ALWAYS_EMBED_SWIFT_STANDARD_LIBRARIES = YES;
				BUNDLE_LOADER = "$(TEST_HOST)";
				CODE_SIGN_STYLE = Automatic;
				INFOPLIST_FILE = tiptapTests/Info.plist;
				LD_RUNPATH_SEARCH_PATHS = (
					"$(inherited)",
					"@executable_path/Frameworks",
					"@loader_path/Frameworks",
				);
				PRODUCT_BUNDLE_IDENTIFIER = com.tiptapTests;
				PRODUCT_NAME = "$(TARGET_NAME)";
				SWIFT_VERSION = 4.2;
				TARGETED_DEVICE_FAMILY = "1,2";
				TEST_HOST = "$(BUILT_PRODUCTS_DIR)/tiptap.app/tiptap";
			};
			name = Debug;
		};
		01AEF18221D850A100EB5177 /* Release */ = {
			isa = XCBuildConfiguration;
			buildSettings = {
				ALWAYS_EMBED_SWIFT_STANDARD_LIBRARIES = YES;
				BUNDLE_LOADER = "$(TEST_HOST)";
				CODE_SIGN_STYLE = Automatic;
				INFOPLIST_FILE = tiptapTests/Info.plist;
				LD_RUNPATH_SEARCH_PATHS = (
					"$(inherited)",
					"@executable_path/Frameworks",
					"@loader_path/Frameworks",
				);
				PRODUCT_BUNDLE_IDENTIFIER = com.tiptapTests;
				PRODUCT_NAME = "$(TARGET_NAME)";
				SWIFT_VERSION = 4.2;
				TARGETED_DEVICE_FAMILY = "1,2";
				TEST_HOST = "$(BUILT_PRODUCTS_DIR)/tiptap.app/tiptap";
			};
			name = Release;
		};
		01AEF18421D850A100EB5177 /* Debug */ = {
			isa = XCBuildConfiguration;
			buildSettings = {
				ALWAYS_EMBED_SWIFT_STANDARD_LIBRARIES = YES;
				CODE_SIGN_STYLE = Automatic;
				INFOPLIST_FILE = tiptapUITests/Info.plist;
				LD_RUNPATH_SEARCH_PATHS = (
					"$(inherited)",
					"@executable_path/Frameworks",
					"@loader_path/Frameworks",
				);
				PRODUCT_BUNDLE_IDENTIFIER = com.tiptapUITests;
				PRODUCT_NAME = "$(TARGET_NAME)";
				SWIFT_VERSION = 4.2;
				TARGETED_DEVICE_FAMILY = "1,2";
				TEST_TARGET_NAME = tiptap;
			};
			name = Debug;
		};
		01AEF18521D850A100EB5177 /* Release */ = {
			isa = XCBuildConfiguration;
			buildSettings = {
				ALWAYS_EMBED_SWIFT_STANDARD_LIBRARIES = YES;
				CODE_SIGN_STYLE = Automatic;
				INFOPLIST_FILE = tiptapUITests/Info.plist;
				LD_RUNPATH_SEARCH_PATHS = (
					"$(inherited)",
					"@executable_path/Frameworks",
					"@loader_path/Frameworks",
				);
				PRODUCT_BUNDLE_IDENTIFIER = com.tiptapUITests;
				PRODUCT_NAME = "$(TARGET_NAME)";
				SWIFT_VERSION = 4.2;
				TARGETED_DEVICE_FAMILY = "1,2";
				TEST_TARGET_NAME = tiptap;
			};
			name = Release;
		};
/* End XCBuildConfiguration section */

/* Begin XCConfigurationList section */
		01AEF15021D8509D00EB5177 /* Build configuration list for PBXProject "tiptap" */ = {
			isa = XCConfigurationList;
			buildConfigurations = (
				01AEF17B21D850A100EB5177 /* Debug */,
				01AEF17C21D850A100EB5177 /* Release */,
			);
			defaultConfigurationIsVisible = 0;
			defaultConfigurationName = Release;
		};
		01AEF17D21D850A100EB5177 /* Build configuration list for PBXNativeTarget "tiptap" */ = {
			isa = XCConfigurationList;
			buildConfigurations = (
				01AEF17E21D850A100EB5177 /* Debug */,
				01AEF17F21D850A100EB5177 /* Release */,
			);
			defaultConfigurationIsVisible = 0;
			defaultConfigurationName = Release;
		};
		01AEF18021D850A100EB5177 /* Build configuration list for PBXNativeTarget "tiptapTests" */ = {
			isa = XCConfigurationList;
			buildConfigurations = (
				01AEF18121D850A100EB5177 /* Debug */,
				01AEF18221D850A100EB5177 /* Release */,
			);
			defaultConfigurationIsVisible = 0;
			defaultConfigurationName = Release;
		};
		01AEF18321D850A100EB5177 /* Build configuration list for PBXNativeTarget "tiptapUITests" */ = {
			isa = XCConfigurationList;
			buildConfigurations = (
				01AEF18421D850A100EB5177 /* Debug */,
				01AEF18521D850A100EB5177 /* Release */,
			);
			defaultConfigurationIsVisible = 0;
			defaultConfigurationName = Release;
		};
/* End XCConfigurationList section */
	};
	rootObject = 01AEF14D21D8509D00EB5177 /* Project object */;
}
